
Microsoft Visual Studio Solution File, Format Version 12.00
# Visual Studio 15
VisualStudioVersion = 15.0.28010.2046
MinimumVisualStudioVersion = 10.0.40219.1
Project("{8BC9CEB8-8B4A-11D0-8D11-00A0C91BC942}") = "SplitPoly", "QuadMeshSimplify\QuadMeshSimplify.vcxproj", "{A08561D1-B79B-471F-B605-F7279D6BEBDF}"
EndProject
Global
	GlobalSection(SolutionConfigurationPlatforms) = preSolution
		Debug|x64 = Debug|x64
		Debug|x86 = Debug|x86
		Release|x64 = Release|x64
		Release|x86 = Release|x86
	EndGlobalSection
	GlobalSection(ProjectConfigurationPlatforms) = postSolution
		{A08561D1-B79B-471F-B605-F7279D6BEBDF}.Debug|x64.ActiveCfg = Debug|x64
		{A08561D1-B79B-471F-B605-F7279D6BEBDF}.Debug|x64.Build.0 = Debug|x64
		{A08561D1-B79B-471F-B605-F7279D6BEBDF}.Debug|x86.ActiveCfg = Debug|Win32
		{A08561D1-B79B-471F-B605-F7279D6BEBDF}.Debug|x86.Build.0 = Debug|Win32
		{A08561D1-B79B-471F-B605-F7279D6BEBDF}.Release|x64.ActiveCfg = Release|x64
		{A08561D1-B79B-471F-B605-F7279D6BEBDF}.Release|x64.Build.0 = Release|x64
		{A08561D1-B79B-471F-B605-F7279D6BEBDF}.Release|x86.ActiveCfg = Release|Win32
		{A08561D1-B79B-471F-B605-F7279D6BEBDF}.Release|x86.Build.0 = Release|Win32
	EndGlobalSection
	GlobalSection(SolutionProperties) = preSolution
		HideSolutionNode = FALSE
	EndGlobalSection
	GlobalSection(ExtensibilityGlobals) = postSolution
		SolutionGuid = {B1EEA52C-5E4F-410D-8AD9-E6A9B92B300C}
	EndGlobalSection
	GlobalSection(Performance) = preSolution
		HasPerformanceSessions = true
	EndGlobalSection
	GlobalSection(Performance) = preSolution
		HasPerformanceSessions = true
	EndGlobalSection
	GlobalSection(Performance) = preSolution
		HasPerformanceSessions = true
	EndGlobalSection
	GlobalSection(Performance) = preSolution
		HasPerformanceSessions = true
	EndGlobalSection
	GlobalSection(Performance) = preSolution
		HasPerformanceSessions = true
	EndGlobalSection
	GlobalSection(Performance) = preSolution
		HasPerformanceSessions = true
	EndGlobalSection
	GlobalSection(Performance) = preSolution
		HasPerformanceSessions = true
	EndGlobalSection
	GlobalSection(Performance) = preSolution
		HasPerformanceSessions = true
	EndGlobalSection
EndGlobal
